
Microsoft Visual Studio Solution File, Format Version 12.00
# Visual Studio Version 17
VisualStudioVersion = 17.12.35527.113
MinimumVisualStudioVersion = 10.0.40219.1
Project("{FAE04EC0-301F-11D3-BF4B-00C04F79EFBC}") = "QuestingBots-Server", "Server\QuestingBots-Server.csproj", "{340B90A2-D164-444F-9844-5D7E96582ED5}"
EndProject
Project("{D954291E-2A0B-460D-934E-DC6B0785DB48}") = "QuestingBots-Shared", "Shared\QuestingBots-Shared.shproj", "{17FBDD37-7C10-4306-B936-4B32DBFE74BC}"
EndProject
Project("{2150E333-8FDC-42A3-9474-1A3956D46DE8}") = "Solution Items", "Solution Items", "{8EC462FD-D22E-90A8-E5CE-7E832BA40C5D}"
	ProjectSection(SolutionItems) = preProject
		.gitattributes = .gitattributes
		.gitignore = .gitignore
		Directory.Build.props = Directory.Build.props
		README.md = README.md
	EndProjectSection
EndProject
Project("{FAE04EC0-301F-11D3-BF4B-00C04F79EFBC}") = "QuestingBots-Client", "Client\QuestingBots-Client.csproj", "{CEB2AEED-E040-0CD6-8933-13718A1C35BE}"
EndProject
Project("{FAE04EC0-301F-11D3-BF4B-00C04F79EFBC}") = "QuestingBots-Tests", "Tests\QuestingBots-Tests.csproj", "{5C264016-E28C-0280-716B-DAA2DE535658}"
EndProject
Global
	GlobalSection(SolutionConfigurationPlatforms) = preSolution
		Debug|Any CPU = Debug|Any CPU
		Release|Any CPU = Release|Any CPU
	EndGlobalSection
	GlobalSection(ProjectConfigurationPlatforms) = postSolution
		{340B90A2-D164-444F-9844-5D7E96582ED5}.Debug|Any CPU.ActiveCfg = Debug|Any CPU
		{340B90A2-D164-444F-9844-5D7E96582ED5}.Debug|Any CPU.Build.0 = Debug|Any CPU
		{340B90A2-D164-444F-9844-5D7E96582ED5}.Release|Any CPU.ActiveCfg = Release|Any CPU
		{340B90A2-D164-444F-9844-5D7E96582ED5}.Release|Any CPU.Build.0 = Release|Any CPU
		{CEB2AEED-E040-0CD6-8933-13718A1C35BE}.Debug|Any CPU.ActiveCfg = Debug|Any CPU
		{CEB2AEED-E040-0CD6-8933-13718A1C35BE}.Debug|Any CPU.Build.0 = Debug|Any CPU
		{CEB2AEED-E040-0CD6-8933-13718A1C35BE}.Release|Any CPU.ActiveCfg = Release|Any CPU
		{CEB2AEED-E040-0CD6-8933-13718A1C35BE}.Release|Any CPU.Build.0 = Release|Any CPU
		{5C264016-E28C-0280-716B-DAA2DE535658}.Debug|Any CPU.ActiveCfg = Debug|Any CPU
		{5C264016-E28C-0280-716B-DAA2DE535658}.Debug|Any CPU.Build.0 = Debug|Any CPU
		{5C264016-E28C-0280-716B-DAA2DE535658}.Release|Any CPU.ActiveCfg = Release|Any CPU
		{5C264016-E28C-0280-716B-DAA2DE535658}.Release|Any CPU.Build.0 = Release|Any CPU
	EndGlobalSection
	GlobalSection(SolutionProperties) = preSolution
		HideSolutionNode = FALSE
	EndGlobalSection
	GlobalSection(ExtensibilityGlobals) = postSolution
		SolutionGuid = {4AFC7064-86A0-410B-8A07-D1516283D3EB}
	EndGlobalSection
	GlobalSection(SharedMSBuildProjectFiles) = preSolution
		Shared\DansDevTools-Shared.projitems*{17fbdd37-7c10-4306-b936-4b32dbfe74bc}*SharedItemsImports = 13
		Shared\DansDevTools-Shared.projitems*{340b90a2-d164-444f-9844-5d7e96582ed5}*SharedItemsImports = 5
		Shared\DansDevTools-Shared.projitems*{ceb2aeed-e040-0cd6-8933-13718a1c35be}*SharedItemsImports = 5
	EndGlobalSection
EndGlobal
